
Microsoft Visual Studio Solution File, Format Version 12.00
# Visual Studio Version 17
VisualStudioVersion = 17.3.32825.248
MinimumVisualStudioVersion = 10.0.40219.1
Project("{FAE04EC0-301F-11D3-BF4B-00C04F79EFBC}") = "Tumakov", "Tumakov\Tumakov.csproj", "{F9A66015-0689-408E-A29C-A737CF6FFA26}"
EndProject
Project("{FAE04EC0-301F-11D3-BF4B-00C04F79EFBC}") = "DZ", "DZ\DZ.csproj", "{D7F1A752-0BD9-4DB1-8F0C-C30BA0FAA7CB}"
EndProject
Global
	GlobalSection(SolutionConfigurationPlatforms) = preSolution
		Debug|Any CPU = Debug|Any CPU
		Release|Any CPU = Release|Any CPU
	EndGlobalSection
	GlobalSection(ProjectConfigurationPlatforms) = postSolution
		{F9A66015-0689-408E-A29C-A737CF6FFA26}.Debug|Any CPU.ActiveCfg = Debug|Any CPU
		{F9A66015-0689-408E-A29C-A737CF6FFA26}.Debug|Any CPU.Build.0 = Debug|Any CPU
		{F9A66015-0689-408E-A29C-A737CF6FFA26}.Release|Any CPU.ActiveCfg = Release|Any CPU
		{F9A66015-0689-408E-A29C-A737CF6FFA26}.Release|Any CPU.Build.0 = Release|Any CPU
		{D7F1A752-0BD9-4DB1-8F0C-C30BA0FAA7CB}.Debug|Any CPU.ActiveCfg = Debug|Any CPU
		{D7F1A752-0BD9-4DB1-8F0C-C30BA0FAA7CB}.Debug|Any CPU.Build.0 = Debug|Any CPU
		{D7F1A752-0BD9-4DB1-8F0C-C30BA0FAA7CB}.Release|Any CPU.ActiveCfg = Release|Any CPU
		{D7F1A752-0BD9-4DB1-8F0C-C30BA0FAA7CB}.Release|Any CPU.Build.0 = Release|Any CPU
	EndGlobalSection
	GlobalSection(SolutionProperties) = preSolution
		HideSolutionNode = FALSE
	EndGlobalSection
	GlobalSection(ExtensibilityGlobals) = postSolution
		SolutionGuid = {38FA4DF2-CF9F-46E1-B460-9E46A74948DE}
	EndGlobalSection
EndGlobal
